
Microsoft Visual Studio Solution File, Format Version 12.00
# Visual Studio Version 17
VisualStudioVersion = 17.9.34728.123
MinimumVisualStudioVersion = 10.0.40219.1
Project("{FAE04EC0-301F-11D3-BF4B-00C04F79EFBC}") = "PRJ3", "PRJ3\PRJ3.csproj", "{87B4D990-B615-4564-B8B4-C211C5C5AE5E}"
EndProject
Global
	GlobalSection(SolutionConfigurationPlatforms) = preSolution
		Debug|Any CPU = Debug|Any CPU
		Release|Any CPU = Release|Any CPU
	EndGlobalSection
	GlobalSection(ProjectConfigurationPlatforms) = postSolution
		{87B4D990-B615-4564-B8B4-C211C5C5AE5E}.Debug|Any CPU.ActiveCfg = Debug|Any CPU
		{87B4D990-B615-4564-B8B4-C211C5C5AE5E}.Debug|Any CPU.Build.0 = Debug|Any CPU
		{87B4D990-B615-4564-B8B4-C211C5C5AE5E}.Release|Any CPU.ActiveCfg = Release|Any CPU
		{87B4D990-B615-4564-B8B4-C211C5C5AE5E}.Release|Any CPU.Build.0 = Release|Any CPU
	EndGlobalSection
	GlobalSection(SolutionProperties) = preSolution
		HideSolutionNode = FALSE
	EndGlobalSection
	GlobalSection(ExtensibilityGlobals) = postSolution
		SolutionGuid = {F6A96F42-4C92-426B-84ED-6D01FBCADD75}
	EndGlobalSection
EndGlobal
